{
  "originHash" : "d4ef8cc2c268b5cf7fafa448d66d72f465cc4c5e7f577d7d31b7038fe78c1a19",
  "pins" : [
    {
      "identity" : "kingfisher",
      "kind" : "remoteSourceControl",
      "location" : "https://github.com/onevcat/Kingfisher",
      "state" : {
        "revision" : "410984bf301f4fa224fe56277b3f8672cc465c79",
        "version" : "8.11.0"
      }
    },
    {
      "identity" : "kmp-observableviewmodel",
      "kind" : "remoteSourceControl",
      "location" : "https://github.com/rickclephas/KMP-ObservableViewModel",
      "state" : {
        "revision" : "b88e4fa21276ea6974a0cb18b479c85743cd26fb",
        "version" : "1.0.2"
      }
    }
  ],
  "version" : 3
}
